
Microsoft Visual Studio Solution File, Format Version 12.00
# Visual Studio 15
VisualStudioVersion = 15.0.26730.8
MinimumVisualStudioVersion = 10.0.40219.1
Project("{FAE04EC0-301F-11D3-BF4B-00C04F79EFBC}") = "ImagesMove", "ImagesMove\ImagesMove.csproj", "{2551C507-E9EC-424F-A375-EBD3FFA723B8}"
EndProject
Global
	GlobalSection(SolutionConfigurationPlatforms) = preSolution
		Debug|Any CPU = Debug|Any CPU
		Release|Any CPU = Release|Any CPU
	EndGlobalSection
	GlobalSection(ProjectConfigurationPlatforms) = postSolution
		{2551C507-E9EC-424F-A375-EBD3FFA723B8}.Debug|Any CPU.ActiveCfg = Debug|Any CPU
		{2551C507-E9EC-424F-A375-EBD3FFA723B8}.Debug|Any CPU.Build.0 = Debug|Any CPU
		{2551C507-E9EC-424F-A375-EBD3FFA723B8}.Release|Any CPU.ActiveCfg = Release|Any CPU
		{2551C507-E9EC-424F-A375-EBD3FFA723B8}.Release|Any CPU.Build.0 = Release|Any CPU
	EndGlobalSection
	GlobalSection(SolutionProperties) = preSolution
		HideSolutionNode = FALSE
	EndGlobalSection
	GlobalSection(ExtensibilityGlobals) = postSolution
		SolutionGuid = {B763C2F2-F085-4C08-A420-97F0B45B60FE}
	EndGlobalSection
EndGlobal
